{
  "version": 4,
  "terraform_version": "0.12.12",
  "serial": 46,
  "lineage": "54167b54-74e2-352f-bdea-feb8b9ff1aab",
  "outputs": {},
  "resources": [
    {
      "mode": "data",
      "type": "google_compute_image",
      "name": "debian",
      "provider": "provider.google",
      "instances": [
        {
          "schema_version": 0,
          "attributes": {
            "archive_size_bytes": 9880693760,
            "creation_timestamp": "2019-11-14T13:26:50.230-08:00",
            "description": "Canonical, Ubuntu, 18.04 LTS, Secure Boot ready, amd64 bionic image built on 20191113",
            "disk_size_gb": 10,
            "family": "ubuntu-1804-lts",
            "id": "gce-uefi-images/family/ubuntu-1804-lts",
            "image_encryption_key_sha256": "",
            "image_id": "9049572553883940982",
            "label_fingerprint": "42WmSpB8rSM=",
            "labels": {},
            "licenses": [
              "https://www.googleapis.com/compute/v1/projects/ubuntu-os-cloud/global/licenses/ubuntu-1804-lts"
            ],
            "name": "ubuntu-1804-bionic-v20191113",
            "project": "gce-uefi-images",
            "self_link": "https://www.googleapis.com/compute/v1/projects/gce-uefi-images/global/images/ubuntu-1804-bionic-v20191113",
            "source_disk": "",
            "source_disk_encryption_key_sha256": "",
            "source_disk_id": "",
            "source_image_id": "",
            "status": "READY"
          }
        }
      ]
    },
    {
      "mode": "data",
      "type": "template_file",
      "name": "nginx",
      "provider": "provider.template",
      "instances": [
        {
          "schema_version": 0,
          "attributes": {
            "filename": null,
            "id": "d1ad86d709dcbe9ac30d374dcdd5aaace036c4459fc95cb9c10a07c61e16b584",
            "rendered": "#!/bin/bash\r\nset -e\r\necho \"**** Installing Nginx ****\"\r\napt update\r\napt install -y nginx\r\nufw allow 'Nginx HTTP'\r\nsystemctl enable nginx\r\nsystemctl restart nginx\r\necho \"  Installation Complete  \"\r\necho \" Welcom to GCP VM Instance Deployed using Terraform \" \u003e /var/www/html/index.html",
            "template": "#!/bin/bash\r\nset -e\r\necho \"**** Installing Nginx ****\"\r\napt update\r\napt install -y nginx\r\nufw allow '${ufw_allow_nginx}'\r\nsystemctl enable nginx\r\nsystemctl restart nginx\r\necho \"  Installation Complete  \"\r\necho \" Welcom to GCP VM Instance Deployed using Terraform \" \u003e /var/www/html/index.html",
            "vars": {
              "ufw_allow_nginx": "Nginx HTTP"
            }
          }
        }
      ]
    },
    {
      "mode": "managed",
      "type": "google_compute_firewall",
      "name": "fw-http",
      "provider": "provider.google",
      "instances": [
        {
          "schema_version": 1,
          "attributes": {
            "allow": [
              {
                "ports": [
                  "80"
                ],
                "protocol": "tcp"
              }
            ],
            "creation_timestamp": "2020-01-23T07:10:09.759-08:00",
            "deny": [],
            "description": "",
            "destination_ranges": [],
            "direction": "INGRESS",
            "disabled": false,
            "enable_logging": false,
            "id": "projects/my-test-project-2020-264310/global/firewalls/dtc-dev-http-ssh",
            "name": "dtc-dev-http-ssh",
            "network": "https://www.googleapis.com/compute/v1/projects/my-test-project-2020-264310/global/networks/dtc-dev-network",
            "priority": 1000,
            "project": "my-test-project-2020-264310",
            "self_link": "https://www.googleapis.com/compute/v1/projects/my-test-project-2020-264310/global/firewalls/dtc-dev-http-ssh",
            "source_ranges": [
              "0.0.0.0/0"
            ],
            "source_service_accounts": null,
            "source_tags": null,
            "target_service_accounts": null,
            "target_tags": [
              "http"
            ],
            "timeouts": null
          },
          "private": "eyJlMmJmYjczMC1lY2FhLTExZTYtOGY4OC0zNDM2M2JjN2M0YzAiOnsiY3JlYXRlIjoyNDAwMDAwMDAwMDAsImRlbGV0ZSI6MjQwMDAwMDAwMDAwLCJ1cGRhdGUiOjI0MDAwMDAwMDAwMH0sInNjaGVtYV92ZXJzaW9uIjoiMSJ9",
          "depends_on": [
            "google_compute_network.vpc-1"
          ]
        }
      ]
    },
    {
      "mode": "managed",
      "type": "google_compute_firewall",
      "name": "fw-internal",
      "provider": "provider.google",
      "instances": [
        {
          "schema_version": 1,
          "attributes": {
            "allow": [
              {
                "ports": [
                  "22"
                ],
                "protocol": "tcp"
              },
              {
                "ports": [],
                "protocol": "icmp"
              }
            ],
            "creation_timestamp": "2020-01-23T07:10:09.746-08:00",
            "deny": [],
            "description": "",
            "destination_ranges": [],
            "direction": "INGRESS",
            "disabled": false,
            "enable_logging": false,
            "id": "projects/my-test-project-2020-264310/global/firewalls/dtc-dev-internal-fw",
            "name": "dtc-dev-internal-fw",
            "network": "https://www.googleapis.com/compute/v1/projects/my-test-project-2020-264310/global/networks/dtc-dev-network",
            "priority": 1000,
            "project": "my-test-project-2020-264310",
            "self_link": "https://www.googleapis.com/compute/v1/projects/my-test-project-2020-264310/global/firewalls/dtc-dev-internal-fw",
            "source_ranges": [
              "10.0.10.0/24",
              "10.0.20.0/24"
            ],
            "source_service_accounts": null,
            "source_tags": null,
            "target_service_accounts": null,
            "target_tags": null,
            "timeouts": null
          },
          "private": "eyJlMmJmYjczMC1lY2FhLTExZTYtOGY4OC0zNDM2M2JjN2M0YzAiOnsiY3JlYXRlIjoyNDAwMDAwMDAwMDAsImRlbGV0ZSI6MjQwMDAwMDAwMDAwLCJ1cGRhdGUiOjI0MDAwMDAwMDAwMH0sInNjaGVtYV92ZXJzaW9uIjoiMSJ9",
          "depends_on": [
            "google_compute_network.vpc-1"
          ]
        }
      ]
    },
    {
      "mode": "managed",
      "type": "google_compute_instance",
      "name": "bastion",
      "provider": "provider.google",
      "instances": [
        {
          "schema_version": 6,
          "attributes": {
            "allow_stopping_for_update": null,
            "attached_disk": [],
            "boot_disk": [
              {
                "auto_delete": true,
                "device_name": "persistent-disk-0",
                "disk_encryption_key_raw": "",
                "disk_encryption_key_sha256": "",
                "initialize_params": [
                  {
                    "image": "https://www.googleapis.com/compute/v1/projects/gce-uefi-images/global/images/ubuntu-1804-bionic-v20191113",
                    "labels": {},
                    "size": 10,
                    "type": "pd-standard"
                  }
                ],
                "kms_key_self_link": "",
                "mode": "READ_WRITE",
                "source": "https://www.googleapis.com/compute/v1/projects/my-test-project-2020-264310/zones/asia-east1-a/disks/dtc-dev-host"
              }
            ],
            "can_ip_forward": false,
            "cpu_platform": "Intel Broadwell",
            "deletion_protection": false,
            "description": "",
            "enable_display": false,
            "guest_accelerator": [],
            "hostname": "",
            "id": "projects/my-test-project-2020-264310/zones/asia-east1-a/instances/dtc-dev-host",
            "instance_id": "4775628457029929352",
            "label_fingerprint": "42WmSpB8rSM=",
            "labels": null,
            "machine_type": "n1-standard-1",
            "metadata": null,
            "metadata_fingerprint": "R8PojfKD5mo=",
            "metadata_startup_script": "",
            "min_cpu_platform": "",
            "name": "dtc-dev-host",
            "network_interface": [
              {
                "access_config": [
                  {
                    "nat_ip": "130.211.254.105",
                    "network_tier": "PREMIUM",
                    "public_ptr_domain_name": ""
                  }
                ],
                "alias_ip_range": [],
                "name": "nic0",
                "network": "https://www.googleapis.com/compute/v1/projects/my-test-project-2020-264310/global/networks/dtc-dev-network",
                "network_ip": "10.0.10.2",
                "subnetwork": "https://www.googleapis.com/compute/v1/projects/my-test-project-2020-264310/regions/asia-east1/subnetworks/dtc-dev-east-subnet",
                "subnetwork_project": "my-test-project-2020-264310"
              }
            ],
            "project": "my-test-project-2020-264310",
            "scheduling": [
              {
                "automatic_restart": true,
                "node_affinities": [],
                "on_host_maintenance": "MIGRATE",
                "preemptible": false
              }
            ],
            "scratch_disk": [],
            "self_link": "https://www.googleapis.com/compute/v1/projects/my-test-project-2020-264310/zones/asia-east1-a/instances/dtc-dev-host",
            "service_account": [],
            "shielded_instance_config": [
              {
                "enable_integrity_monitoring": true,
                "enable_secure_boot": false,
                "enable_vtpm": true
              }
            ],
            "tags": [
              "bastion"
            ],
            "tags_fingerprint": "NfTTNVh6sLU=",
            "timeouts": null,
            "zone": "asia-east1-a"
          },
          "private": "eyJlMmJmYjczMC1lY2FhLTExZTYtOGY4OC0zNDM2M2JjN2M0YzAiOnsiY3JlYXRlIjoxMjAwMDAwMDAwMDAwLCJkZWxldGUiOjEyMDAwMDAwMDAwMDAsInVwZGF0ZSI6MTIwMDAwMDAwMDAwMH0sInNjaGVtYV92ZXJzaW9uIjoiNiJ9",
          "depends_on": [
            "data.google_compute_image.debian",
            "google_compute_network.vpc-1",
            "google_compute_subnetwork.subnet-ae"
          ]
        }
      ]
    },
    {
      "mode": "managed",
      "type": "google_compute_instance",
      "name": "webserver",
      "provider": "provider.google",
      "instances": [
        {
          "schema_version": 6,
          "attributes": {
            "allow_stopping_for_update": null,
            "attached_disk": [],
            "boot_disk": [
              {
                "auto_delete": true,
                "device_name": "persistent-disk-0",
                "disk_encryption_key_raw": "",
                "disk_encryption_key_sha256": "",
                "initialize_params": [
                  {
                    "image": "https://www.googleapis.com/compute/v1/projects/gce-uefi-images/global/images/ubuntu-1804-bionic-v20191113",
                    "labels": {},
                    "size": 10,
                    "type": "pd-standard"
                  }
                ],
                "kms_key_self_link": "",
                "mode": "READ_WRITE",
                "source": "https://www.googleapis.com/compute/v1/projects/my-test-project-2020-264310/zones/asia-south1-a/disks/dtc-dev-nginx"
              }
            ],
            "can_ip_forward": false,
            "cpu_platform": "Intel Skylake",
            "deletion_protection": false,
            "description": "",
            "enable_display": false,
            "guest_accelerator": [],
            "hostname": "",
            "id": "projects/my-test-project-2020-264310/zones/asia-south1-a/instances/dtc-dev-nginx",
            "instance_id": "4252661599707597192",
            "label_fingerprint": "42WmSpB8rSM=",
            "labels": null,
            "machine_type": "n1-standard-1",
            "metadata": null,
            "metadata_fingerprint": "suzKGrLnnNs=",
            "metadata_startup_script": "#!/bin/bash\r\nset -e\r\necho \"**** Installing Nginx ****\"\r\napt update\r\napt install -y nginx\r\nufw allow 'Nginx HTTP'\r\nsystemctl enable nginx\r\nsystemctl restart nginx\r\necho \"  Installation Complete  \"\r\necho \" Welcom to GCP VM Instance Deployed using Terraform \" \u003e /var/www/html/index.html",
            "min_cpu_platform": "",
            "name": "dtc-dev-nginx",
            "network_interface": [
              {
                "access_config": [
                  {
                    "nat_ip": "34.93.170.27",
                    "network_tier": "PREMIUM",
                    "public_ptr_domain_name": ""
                  }
                ],
                "alias_ip_range": [],
                "name": "nic0",
                "network": "https://www.googleapis.com/compute/v1/projects/my-test-project-2020-264310/global/networks/dtc-dev-network",
                "network_ip": "10.0.20.2",
                "subnetwork": "https://www.googleapis.com/compute/v1/projects/my-test-project-2020-264310/regions/asia-south1/subnetworks/dtc-dev-south-subnet",
                "subnetwork_project": "my-test-project-2020-264310"
              }
            ],
            "project": "my-test-project-2020-264310",
            "scheduling": [
              {
                "automatic_restart": true,
                "node_affinities": [],
                "on_host_maintenance": "MIGRATE",
                "preemptible": false
              }
            ],
            "scratch_disk": [],
            "self_link": "https://www.googleapis.com/compute/v1/projects/my-test-project-2020-264310/zones/asia-south1-a/instances/dtc-dev-nginx",
            "service_account": [],
            "shielded_instance_config": [
              {
                "enable_integrity_monitoring": true,
                "enable_secure_boot": false,
                "enable_vtpm": true
              }
            ],
            "tags": [
              "http"
            ],
            "tags_fingerprint": "MulzF_u7WEg=",
            "timeouts": null,
            "zone": "asia-south1-a"
          },
          "private": "eyJlMmJmYjczMC1lY2FhLTExZTYtOGY4OC0zNDM2M2JjN2M0YzAiOnsiY3JlYXRlIjoxMjAwMDAwMDAwMDAwLCJkZWxldGUiOjEyMDAwMDAwMDAwMDAsInVwZGF0ZSI6MTIwMDAwMDAwMDAwMH0sInNjaGVtYV92ZXJzaW9uIjoiNiJ9",
          "depends_on": [
            "data.google_compute_image.debian",
            "data.template_file.nginx",
            "google_compute_network.vpc-1",
            "google_compute_subnetwork.subnet-as"
          ]
        }
      ]
    },
    {
      "mode": "managed",
      "type": "google_compute_network",
      "name": "vpc-1",
      "provider": "provider.google",
      "instances": [
        {
          "schema_version": 0,
          "attributes": {
            "auto_create_subnetworks": false,
            "delete_default_routes_on_create": false,
            "description": "",
            "gateway_ipv4": "",
            "id": "projects/my-test-project-2020-264310/global/networks/dtc-dev-network",
            "ipv4_range": null,
            "name": "dtc-dev-network",
            "project": "my-test-project-2020-264310",
            "routing_mode": "GLOBAL",
            "self_link": "https://www.googleapis.com/compute/v1/projects/my-test-project-2020-264310/global/networks/dtc-dev-network",
            "timeouts": null
          },
          "private": "eyJlMmJmYjczMC1lY2FhLTExZTYtOGY4OC0zNDM2M2JjN2M0YzAiOnsiY3JlYXRlIjoyNDAwMDAwMDAwMDAsImRlbGV0ZSI6MjQwMDAwMDAwMDAwLCJ1cGRhdGUiOjI0MDAwMDAwMDAwMH19"
        }
      ]
    },
    {
      "mode": "managed",
      "type": "google_compute_subnetwork",
      "name": "subnet-ae",
      "provider": "provider.google",
      "instances": [
        {
          "schema_version": 0,
          "attributes": {
            "creation_timestamp": "2020-01-23T07:10:09.285-08:00",
            "description": "",
            "enable_flow_logs": null,
            "fingerprint": null,
            "gateway_address": "10.0.10.1",
            "id": "projects/my-test-project-2020-264310/regions/asia-east1/subnetworks/dtc-dev-east-subnet",
            "ip_cidr_range": "10.0.10.0/24",
            "log_config": [],
            "name": "dtc-dev-east-subnet",
            "network": "https://www.googleapis.com/compute/v1/projects/my-test-project-2020-264310/global/networks/dtc-dev-network",
            "private_ip_google_access": false,
            "project": "my-test-project-2020-264310",
            "region": "asia-east1",
            "secondary_ip_range": [],
            "self_link": "https://www.googleapis.com/compute/v1/projects/my-test-project-2020-264310/regions/asia-east1/subnetworks/dtc-dev-east-subnet",
            "timeouts": null
          },
          "private": "eyJlMmJmYjczMC1lY2FhLTExZTYtOGY4OC0zNDM2M2JjN2M0YzAiOnsiY3JlYXRlIjozNjAwMDAwMDAwMDAsImRlbGV0ZSI6MzYwMDAwMDAwMDAwLCJ1cGRhdGUiOjM2MDAwMDAwMDAwMH19",
          "depends_on": [
            "google_compute_network.vpc-1"
          ]
        }
      ]
    },
    {
      "mode": "managed",
      "type": "google_compute_subnetwork",
      "name": "subnet-as",
      "provider": "provider.google",
      "instances": [
        {
          "schema_version": 0,
          "attributes": {
            "creation_timestamp": "2020-01-23T07:10:09.843-08:00",
            "description": "",
            "enable_flow_logs": null,
            "fingerprint": null,
            "gateway_address": "10.0.20.1",
            "id": "projects/my-test-project-2020-264310/regions/asia-south1/subnetworks/dtc-dev-south-subnet",
            "ip_cidr_range": "10.0.20.0/24",
            "log_config": [],
            "name": "dtc-dev-south-subnet",
            "network": "https://www.googleapis.com/compute/v1/projects/my-test-project-2020-264310/global/networks/dtc-dev-network",
            "private_ip_google_access": false,
            "project": "my-test-project-2020-264310",
            "region": "asia-south1",
            "secondary_ip_range": [],
            "self_link": "https://www.googleapis.com/compute/v1/projects/my-test-project-2020-264310/regions/asia-south1/subnetworks/dtc-dev-south-subnet",
            "timeouts": null
          },
          "private": "eyJlMmJmYjczMC1lY2FhLTExZTYtOGY4OC0zNDM2M2JjN2M0YzAiOnsiY3JlYXRlIjozNjAwMDAwMDAwMDAsImRlbGV0ZSI6MzYwMDAwMDAwMDAwLCJ1cGRhdGUiOjM2MDAwMDAwMDAwMH19",
          "depends_on": [
            "google_compute_network.vpc-1"
          ]
        }
      ]
    }
  ]
}
